{
  "version": "5",
  "specifiers": {
    "npm:@sveltejs/adapter-auto@7": "7.0.0_@sveltejs+kit@2.49.0__@sveltejs+vite-plugin-svelte@6.2.1___svelte@5.43.14____acorn@8.15.0___vite@7.2.4____picomatch@4.0.3__svelte@5.43.14___acorn@8.15.0__vite@7.2.4___picomatch@4.0.3__acorn@8.15.0_@sveltejs+vite-plugin-svelte@6.2.1__svelte@5.43.14___acorn@8.15.0__vite@7.2.4___picomatch@4.0.3_svelte@5.43.14__acorn@8.15.0_vite@7.2.4__picomatch@4.0.3",
    "npm:@sveltejs/kit@^2.48.5": "2.49.0_@sveltejs+vite-plugin-svelte@6.2.1__svelte@5.43.14___acorn@8.15.0__vite@7.2.4___picomatch@4.0.3_svelte@5.43.14__acorn@8.15.0_vite@7.2.4__picomatch@4.0.3_acorn@8.15.0",
    "npm:@sveltejs/vite-plugin-svelte@^6.2.1": "6.2.1_svelte@5.43.14__acorn@8.15.0_vite@7.2.4__picomatch@4.0.3",
    "npm:runed@0.36": "0.36.0_@sveltejs+kit@2.49.0__@sveltejs+vite-plugin-svelte@6.2.1___svelte@5.43.14____acorn@8.15.0___vite@7.2.4____picomatch@4.0.3__svelte@5.43.14___acorn@8.15.0__vite@7.2.4___picomatch@4.0.3__acorn@8.15.0_svelte@5.43.14__acorn@8.15.0_@sveltejs+vite-plugin-svelte@6.2.1__svelte@5.43.14___acorn@8.15.0__vite@7.2.4___picomatch@4.0.3_vite@7.2.4__picomatch@4.0.3",
    "npm:svelte-check@^4.3.4": "4.3.4_svelte@5.43.14__acorn@8.15.0_typescript@5.9.3",
    "npm:svelte@^5.43.8": "5.43.14_acorn@8.15.0",
    "npm:typescript@^5.9.3": "5.9.3",
    "npm:vite-plugin-devtools-json@1": "1.0.0_vite@7.2.4__picomatch@4.0.3",
    "npm:vite@^7.2.2": "7.2.4_picomatch@4.0.3"
  },
  "npm": {
    "@esbuild/aix-ppc64@0.25.12": {
      "integrity": "sha512-Hhmwd6CInZ3dwpuGTF8fJG6yoWmsToE+vYgD4nytZVxcu1ulHpUQRAB1UJ8+N1Am3Mz4+xOByoQoSZf4D+CpkA==",
      "os": ["aix"],
      "cpu": ["ppc64"]
    },
    "@esbuild/android-arm64@0.25.12": {
      "integrity": "sha512-6AAmLG7zwD1Z159jCKPvAxZd4y/VTO0VkprYy+3N2FtJ8+BQWFXU+OxARIwA46c5tdD9SsKGZ/1ocqBS/gAKHg==",
      "os": ["android"],
      "cpu": ["arm64"]
    },
    "@esbuild/android-arm@0.25.12": {
      "integrity": "sha512-VJ+sKvNA/GE7Ccacc9Cha7bpS8nyzVv0jdVgwNDaR4gDMC/2TTRc33Ip8qrNYUcpkOHUT5OZ0bUcNNVZQ9RLlg==",
      "os": ["android"],
      "cpu": ["arm"]
    },
    "@esbuild/android-x64@0.25.12": {
      "integrity": "sha512-5jbb+2hhDHx5phYR2By8GTWEzn6I9UqR11Kwf22iKbNpYrsmRB18aX/9ivc5cabcUiAT/wM+YIZ6SG9QO6a8kg==",
      "os": ["android"],
      "cpu": ["x64"]
    },
    "@esbuild/darwin-arm64@0.25.12": {
      "integrity": "sha512-N3zl+lxHCifgIlcMUP5016ESkeQjLj/959RxxNYIthIg+CQHInujFuXeWbWMgnTo4cp5XVHqFPmpyu9J65C1Yg==",
      "os": ["darwin"],
      "cpu": ["arm64"]
    },
    "@esbuild/darwin-x64@0.25.12": {
      "integrity": "sha512-HQ9ka4Kx21qHXwtlTUVbKJOAnmG1ipXhdWTmNXiPzPfWKpXqASVcWdnf2bnL73wgjNrFXAa3yYvBSd9pzfEIpA==",
      "os": ["darwin"],
      "cpu": ["x64"]
    },
    "@esbuild/freebsd-arm64@0.25.12": {
      "integrity": "sha512-gA0Bx759+7Jve03K1S0vkOu5Lg/85dou3EseOGUes8flVOGxbhDDh/iZaoek11Y8mtyKPGF3vP8XhnkDEAmzeg==",
      "os": ["freebsd"],
      "cpu": ["arm64"]
    },
    "@esbuild/freebsd-x64@0.25.12": {
      "integrity": "sha512-TGbO26Yw2xsHzxtbVFGEXBFH0FRAP7gtcPE7P5yP7wGy7cXK2oO7RyOhL5NLiqTlBh47XhmIUXuGciXEqYFfBQ==",
      "os": ["freebsd"],
      "cpu": ["x64"]
    },
    "@esbuild/linux-arm64@0.25.12": {
      "integrity": "sha512-8bwX7a8FghIgrupcxb4aUmYDLp8pX06rGh5HqDT7bB+8Rdells6mHvrFHHW2JAOPZUbnjUpKTLg6ECyzvas2AQ==",
      "os": ["linux"],
      "cpu": ["arm64"]
    },
    "@esbuild/linux-arm@0.25.12": {
      "integrity": "sha512-lPDGyC1JPDou8kGcywY0YILzWlhhnRjdof3UlcoqYmS9El818LLfJJc3PXXgZHrHCAKs/Z2SeZtDJr5MrkxtOw==",
      "os": ["linux"],
      "cpu": ["arm"]
    },
    "@esbuild/linux-ia32@0.25.12": {
      "integrity": "sha512-0y9KrdVnbMM2/vG8KfU0byhUN+EFCny9+8g202gYqSSVMonbsCfLjUO+rCci7pM0WBEtz+oK/PIwHkzxkyharA==",
      "os": ["linux"],
      "cpu": ["ia32"]
    },
    "@esbuild/linux-loong64@0.25.12": {
      "integrity": "sha512-h///Lr5a9rib/v1GGqXVGzjL4TMvVTv+s1DPoxQdz7l/AYv6LDSxdIwzxkrPW438oUXiDtwM10o9PmwS/6Z0Ng==",
      "os": ["linux"],
      "cpu": ["loong64"]
    },
    "@esbuild/linux-mips64el@0.25.12": {
      "integrity": "sha512-iyRrM1Pzy9GFMDLsXn1iHUm18nhKnNMWscjmp4+hpafcZjrr2WbT//d20xaGljXDBYHqRcl8HnxbX6uaA/eGVw==",
      "os": ["linux"],
      "cpu": ["mips64el"]
    },
    "@esbuild/linux-ppc64@0.25.12": {
      "integrity": "sha512-9meM/lRXxMi5PSUqEXRCtVjEZBGwB7P/D4yT8UG/mwIdze2aV4Vo6U5gD3+RsoHXKkHCfSxZKzmDssVlRj1QQA==",
      "os": ["linux"],
      "cpu": ["ppc64"]
    },
    "@esbuild/linux-riscv64@0.25.12": {
      "integrity": "sha512-Zr7KR4hgKUpWAwb1f3o5ygT04MzqVrGEGXGLnj15YQDJErYu/BGg+wmFlIDOdJp0PmB0lLvxFIOXZgFRrdjR0w==",
      "os": ["linux"],
      "cpu": ["riscv64"]
    },
    "@esbuild/linux-s390x@0.25.12": {
      "integrity": "sha512-MsKncOcgTNvdtiISc/jZs/Zf8d0cl/t3gYWX8J9ubBnVOwlk65UIEEvgBORTiljloIWnBzLs4qhzPkJcitIzIg==",
      "os": ["linux"],
      "cpu": ["s390x"]
    },
    "@esbuild/linux-x64@0.25.12": {
      "integrity": "sha512-uqZMTLr/zR/ed4jIGnwSLkaHmPjOjJvnm6TVVitAa08SLS9Z0VM8wIRx7gWbJB5/J54YuIMInDquWyYvQLZkgw==",
      "os": ["linux"],
      "cpu": ["x64"]
    },
    "@esbuild/netbsd-arm64@0.25.12": {
      "integrity": "sha512-xXwcTq4GhRM7J9A8Gv5boanHhRa/Q9KLVmcyXHCTaM4wKfIpWkdXiMog/KsnxzJ0A1+nD+zoecuzqPmCRyBGjg==",
      "os": ["netbsd"],
      "cpu": ["arm64"]
    },
    "@esbuild/netbsd-x64@0.25.12": {
      "integrity": "sha512-Ld5pTlzPy3YwGec4OuHh1aCVCRvOXdH8DgRjfDy/oumVovmuSzWfnSJg+VtakB9Cm0gxNO9BzWkj6mtO1FMXkQ==",
      "os": ["netbsd"],
      "cpu": ["x64"]
    },
    "@esbuild/openbsd-arm64@0.25.12": {
      "integrity": "sha512-fF96T6KsBo/pkQI950FARU9apGNTSlZGsv1jZBAlcLL1MLjLNIWPBkj5NlSz8aAzYKg+eNqknrUJ24QBybeR5A==",
      "os": ["openbsd"],
      "cpu": ["arm64"]
    },
    "@esbuild/openbsd-x64@0.25.12": {
      "integrity": "sha512-MZyXUkZHjQxUvzK7rN8DJ3SRmrVrke8ZyRusHlP+kuwqTcfWLyqMOE3sScPPyeIXN/mDJIfGXvcMqCgYKekoQw==",
      "os": ["openbsd"],
      "cpu": ["x64"]
    },
    "@esbuild/openharmony-arm64@0.25.12": {
      "integrity": "sha512-rm0YWsqUSRrjncSXGA7Zv78Nbnw4XL6/dzr20cyrQf7ZmRcsovpcRBdhD43Nuk3y7XIoW2OxMVvwuRvk9XdASg==",
      "os": ["openharmony"],
      "cpu": ["arm64"]
    },
    "@esbuild/sunos-x64@0.25.12": {
      "integrity": "sha512-3wGSCDyuTHQUzt0nV7bocDy72r2lI33QL3gkDNGkod22EsYl04sMf0qLb8luNKTOmgF/eDEDP5BFNwoBKH441w==",
      "os": ["sunos"],
      "cpu": ["x64"]
    },
    "@esbuild/win32-arm64@0.25.12": {
      "integrity": "sha512-rMmLrur64A7+DKlnSuwqUdRKyd3UE7oPJZmnljqEptesKM8wx9J8gx5u0+9Pq0fQQW8vqeKebwNXdfOyP+8Bsg==",
      "os": ["win32"],
      "cpu": ["arm64"]
    },
    "@esbuild/win32-ia32@0.25.12": {
      "integrity": "sha512-HkqnmmBoCbCwxUKKNPBixiWDGCpQGVsrQfJoVGYLPT41XWF8lHuE5N6WhVia2n4o5QK5M4tYr21827fNhi4byQ==",
      "os": ["win32"],
      "cpu": ["ia32"]
    },
    "@esbuild/win32-x64@0.25.12": {
      "integrity": "sha512-alJC0uCZpTFrSL0CCDjcgleBXPnCrEAhTBILpeAp7M/OFgoqtAetfBzX0xM00MUsVVPpVjlPuMbREqnZCXaTnA==",
      "os": ["win32"],
      "cpu": ["x64"]
    },
    "@jridgewell/gen-mapping@0.3.13": {
      "integrity": "sha512-2kkt/7niJ6MgEPxF0bYdQ6etZaA+fQvDcLKckhy1yIQOzaoKjBBjSj63/aLVjYE3qhRt5dvM+uUyfCg6UKCBbA==",
      "dependencies": [
        "@jridgewell/sourcemap-codec",
        "@jridgewell/trace-mapping"
      ]
    },
    "@jridgewell/remapping@2.3.5": {
      "integrity": "sha512-LI9u/+laYG4Ds1TDKSJW2YPrIlcVYOwi2fUC6xB43lueCjgxV4lffOCZCtYFiH6TNOX+tQKXx97T4IKHbhyHEQ==",
      "dependencies": [
        "@jridgewell/gen-mapping",
        "@jridgewell/trace-mapping"
      ]
    },
    "@jridgewell/resolve-uri@3.1.2": {
      "integrity": "sha512-bRISgCIjP20/tbWSPWMEi54QVPRZExkuD9lJL+UIxUKtwVJA8wW1Trb1jMs1RFXo1CBTNZ/5hpC9QvmKWdopKw=="
    },
    "@jridgewell/sourcemap-codec@1.5.5": {
      "integrity": "sha512-cYQ9310grqxueWbl+WuIUIaiUaDcj7WOq5fVhEljNVgRfOUhY9fy2zTvfoqWsnebh8Sl70VScFbICvJnLKB0Og=="
    },
    "@jridgewell/trace-mapping@0.3.31": {
      "integrity": "sha512-zzNR+SdQSDJzc8joaeP8QQoCQr8NuYx2dIIytl1QeBEZHJ9uW6hebsrYgbz8hJwUQao3TWCMtmfV8Nu1twOLAw==",
      "dependencies": [
        "@jridgewell/resolve-uri",
        "@jridgewell/sourcemap-codec"
      ]
    },
    "@polka/url@1.0.0-next.29": {
      "integrity": "sha512-wwQAWhWSuHaag8c4q/KN/vCoeOJYshAIvMQwD4GpSb3OiZklFfvAgmj0VCBBImRpuF/aFgIRzllXlVX93Jevww=="
    },
    "@rollup/rollup-android-arm-eabi@4.53.3": {
      "integrity": "sha512-mRSi+4cBjrRLoaal2PnqH82Wqyb+d3HsPUN/W+WslCXsZsyHa9ZeQQX/pQsZaVIWDkPcpV6jJ+3KLbTbgnwv8w==",
      "os": ["android"],
      "cpu": ["arm"]
    },
    "@rollup/rollup-android-arm64@4.53.3": {
      "integrity": "sha512-CbDGaMpdE9sh7sCmTrTUyllhrg65t6SwhjlMJsLr+J8YjFuPmCEjbBSx4Z/e4SmDyH3aB5hGaJUP2ltV/vcs4w==",
      "os": ["android"],
      "cpu": ["arm64"]
    },
    "@rollup/rollup-darwin-arm64@4.53.3": {
      "integrity": "sha512-Nr7SlQeqIBpOV6BHHGZgYBuSdanCXuw09hon14MGOLGmXAFYjx1wNvquVPmpZnl0tLjg25dEdr4IQ6GgyToCUA==",
      "os": ["darwin"],
      "cpu": ["arm64"]
    },
    "@rollup/rollup-darwin-x64@4.53.3": {
      "integrity": "sha512-DZ8N4CSNfl965CmPktJ8oBnfYr3F8dTTNBQkRlffnUarJ2ohudQD17sZBa097J8xhQ26AwhHJ5mvUyQW8ddTsQ==",
      "os": ["darwin"],
      "cpu": ["x64"]
    },
    "@rollup/rollup-freebsd-arm64@4.53.3": {
      "integrity": "sha512-yMTrCrK92aGyi7GuDNtGn2sNW+Gdb4vErx4t3Gv/Tr+1zRb8ax4z8GWVRfr3Jw8zJWvpGHNpss3vVlbF58DZ4w==",
      "os": ["freebsd"],
      "cpu": ["arm64"]
    },
    "@rollup/rollup-freebsd-x64@4.53.3": {
      "integrity": "sha512-lMfF8X7QhdQzseM6XaX0vbno2m3hlyZFhwcndRMw8fbAGUGL3WFMBdK0hbUBIUYcEcMhVLr1SIamDeuLBnXS+Q==",
      "os": ["freebsd"],
      "cpu": ["x64"]
    },
    "@rollup/rollup-linux-arm-gnueabihf@4.53.3": {
      "integrity": "sha512-k9oD15soC/Ln6d2Wv/JOFPzZXIAIFLp6B+i14KhxAfnq76ajt0EhYc5YPeX6W1xJkAdItcVT+JhKl1QZh44/qw==",
      "os": ["linux"],
      "cpu": ["arm"]
    },
    "@rollup/rollup-linux-arm-musleabihf@4.53.3": {
      "integrity": "sha512-vTNlKq+N6CK/8UktsrFuc+/7NlEYVxgaEgRXVUVK258Z5ymho29skzW1sutgYjqNnquGwVUObAaxae8rZ6YMhg==",
      "os": ["linux"],
      "cpu": ["arm"]
    },
    "@rollup/rollup-linux-arm64-gnu@4.53.3": {
      "integrity": "sha512-RGrFLWgMhSxRs/EWJMIFM1O5Mzuz3Xy3/mnxJp/5cVhZ2XoCAxJnmNsEyeMJtpK+wu0FJFWz+QF4mjCA7AUQ3w==",
      "os": ["linux"],
      "cpu": ["arm64"]
    },
    "@rollup/rollup-linux-arm64-musl@4.53.3": {
      "integrity": "sha512-kASyvfBEWYPEwe0Qv4nfu6pNkITLTb32p4yTgzFCocHnJLAHs+9LjUu9ONIhvfT/5lv4YS5muBHyuV84epBo/A==",
      "os": ["linux"],
      "cpu": ["arm64"]
    },
    "@rollup/rollup-linux-loong64-gnu@4.53.3": {
      "integrity": "sha512-JiuKcp2teLJwQ7vkJ95EwESWkNRFJD7TQgYmCnrPtlu50b4XvT5MOmurWNrCj3IFdyjBQ5p9vnrX4JM6I8OE7g==",
      "os": ["linux"],
      "cpu": ["loong64"]
    },
    "@rollup/rollup-linux-ppc64-gnu@4.53.3": {
      "integrity": "sha512-EoGSa8nd6d3T7zLuqdojxC20oBfNT8nexBbB/rkxgKj5T5vhpAQKKnD+h3UkoMuTyXkP5jTjK/ccNRmQrPNDuw==",
      "os": ["linux"],
      "cpu": ["ppc64"]
    },
    "@rollup/rollup-linux-riscv64-gnu@4.53.3": {
      "integrity": "sha512-4s+Wped2IHXHPnAEbIB0YWBv7SDohqxobiiPA1FIWZpX+w9o2i4LezzH/NkFUl8LRci/8udci6cLq+jJQlh+0g==",
      "os": ["linux"],
      "cpu": ["riscv64"]
    },
    "@rollup/rollup-linux-riscv64-musl@4.53.3": {
      "integrity": "sha512-68k2g7+0vs2u9CxDt5ktXTngsxOQkSEV/xBbwlqYcUrAVh6P9EgMZvFsnHy4SEiUl46Xf0IObWVbMvPrr2gw8A==",
      "os": ["linux"],
      "cpu": ["riscv64"]
    },
    "@rollup/rollup-linux-s390x-gnu@4.53.3": {
      "integrity": "sha512-VYsFMpULAz87ZW6BVYw3I6sWesGpsP9OPcyKe8ofdg9LHxSbRMd7zrVrr5xi/3kMZtpWL/wC+UIJWJYVX5uTKg==",
      "os": ["linux"],
      "cpu": ["s390x"]
    },
    "@rollup/rollup-linux-x64-gnu@4.53.3": {
      "integrity": "sha512-3EhFi1FU6YL8HTUJZ51imGJWEX//ajQPfqWLI3BQq4TlvHy4X0MOr5q3D2Zof/ka0d5FNdPwZXm3Yyib/UEd+w==",
      "os": ["linux"],
      "cpu": ["x64"]
    },
    "@rollup/rollup-linux-x64-musl@4.53.3": {
      "integrity": "sha512-eoROhjcc6HbZCJr+tvVT8X4fW3/5g/WkGvvmwz/88sDtSJzO7r/blvoBDgISDiCjDRZmHpwud7h+6Q9JxFwq1Q==",
      "os": ["linux"],
      "cpu": ["x64"]
    },
    "@rollup/rollup-openharmony-arm64@4.53.3": {
      "integrity": "sha512-OueLAWgrNSPGAdUdIjSWXw+u/02BRTcnfw9PN41D2vq/JSEPnJnVuBgw18VkN8wcd4fjUs+jFHVM4t9+kBSNLw==",
      "os": ["openharmony"],
      "cpu": ["arm64"]
    },
    "@rollup/rollup-win32-arm64-msvc@4.53.3": {
      "integrity": "sha512-GOFuKpsxR/whszbF/bzydebLiXIHSgsEUp6M0JI8dWvi+fFa1TD6YQa4aSZHtpmh2/uAlj/Dy+nmby3TJ3pkTw==",
      "os": ["win32"],
      "cpu": ["arm64"]
    },
    "@rollup/rollup-win32-ia32-msvc@4.53.3": {
      "integrity": "sha512-iah+THLcBJdpfZ1TstDFbKNznlzoxa8fmnFYK4V67HvmuNYkVdAywJSoteUszvBQ9/HqN2+9AZghbajMsFT+oA==",
      "os": ["win32"],
      "cpu": ["ia32"]
    },
    "@rollup/rollup-win32-x64-gnu@4.53.3": {
      "integrity": "sha512-J9QDiOIZlZLdcot5NXEepDkstocktoVjkaKUtqzgzpt2yWjGlbYiKyp05rWwk4nypbYUNoFAztEgixoLaSETkg==",
      "os": ["win32"],
      "cpu": ["x64"]
    },
    "@rollup/rollup-win32-x64-msvc@4.53.3": {
      "integrity": "sha512-UhTd8u31dXadv0MopwGgNOBpUVROFKWVQgAg5N1ESyCz8AuBcMqm4AuTjrwgQKGDfoFuz02EuMRHQIw/frmYKQ==",
      "os": ["win32"],
      "cpu": ["x64"]
    },
    "@standard-schema/spec@1.0.0": {
      "integrity": "sha512-m2bOd0f2RT9k8QJx1JN85cZYyH1RqFBdlwtkSlf4tBDYLCiiZnv1fIIwacK6cqwXavOydf0NPToMQgpKq+dVlA=="
    },
    "@sveltejs/acorn-typescript@1.0.7_acorn@8.15.0": {
      "integrity": "sha512-znp1A/Y1Jj4l/Zy7PX5DZKBE0ZNY+5QBngiE21NJkfSTyzzC5iKNWOtwFXKtIrn7MXEFBck4jD95iBNkGjK92Q==",
      "dependencies": [
        "acorn"
      ]
    },
    "@sveltejs/adapter-auto@7.0.0_@sveltejs+kit@2.49.0__@sveltejs+vite-plugin-svelte@6.2.1___svelte@5.43.14____acorn@8.15.0___vite@7.2.4____picomatch@4.0.3__svelte@5.43.14___acorn@8.15.0__vite@7.2.4___picomatch@4.0.3__acorn@8.15.0_@sveltejs+vite-plugin-svelte@6.2.1__svelte@5.43.14___acorn@8.15.0__vite@7.2.4___picomatch@4.0.3_svelte@5.43.14__acorn@8.15.0_vite@7.2.4__picomatch@4.0.3": {
      "integrity": "sha512-ImDWaErTOCkRS4Gt+5gZuymKFBobnhChXUZ9lhUZLahUgvA4OOvRzi3sahzYgbxGj5nkA6OV0GAW378+dl/gyw==",
      "dependencies": [
        "@sveltejs/kit"
      ]
    },
    "@sveltejs/kit@2.49.0_@sveltejs+vite-plugin-svelte@6.2.1__svelte@5.43.14___acorn@8.15.0__vite@7.2.4___picomatch@4.0.3_svelte@5.43.14__acorn@8.15.0_vite@7.2.4__picomatch@4.0.3_acorn@8.15.0": {
      "integrity": "sha512-oH8tXw7EZnie8FdOWYrF7Yn4IKrqTFHhXvl8YxXxbKwTMcD/5NNCryUSEXRk2ZR4ojnub0P8rNrsVGHXWqIDtA==",
      "dependencies": [
        "@standard-schema/spec",
        "@sveltejs/acorn-typescript",
        "@sveltejs/vite-plugin-svelte",
        "@types/cookie",
        "acorn",
        "cookie",
        "devalue",
        "esm-env",
        "kleur",
        "magic-string",
        "mrmime",
        "sade",
        "set-cookie-parser",
        "sirv",
        "svelte",
        "vite"
      ],
      "bin": true
    },
    "@sveltejs/vite-plugin-svelte-inspector@5.0.1_@sveltejs+vite-plugin-svelte@6.2.1__svelte@5.43.14___acorn@8.15.0__vite@7.2.4___picomatch@4.0.3_svelte@5.43.14__acorn@8.15.0_vite@7.2.4__picomatch@4.0.3": {
      "integrity": "sha512-ubWshlMk4bc8mkwWbg6vNvCeT7lGQojE3ijDh3QTR6Zr/R+GXxsGbyH4PExEPpiFmqPhYiVSVmHBjUcVc1JIrA==",
      "dependencies": [
        "@sveltejs/vite-plugin-svelte",
        "debug",
        "svelte",
        "vite"
      ]
    },
    "@sveltejs/vite-plugin-svelte@6.2.1_svelte@5.43.14__acorn@8.15.0_vite@7.2.4__picomatch@4.0.3": {
      "integrity": "sha512-YZs/OSKOQAQCnJvM/P+F1URotNnYNeU3P2s4oIpzm1uFaqUEqRxUB0g5ejMjEb5Gjb9/PiBI5Ktrq4rUUF8UVQ==",
      "dependencies": [
        "@sveltejs/vite-plugin-svelte-inspector",
        "debug",
        "deepmerge",
        "magic-string",
        "svelte",
        "vite",
        "vitefu"
      ]
    },
    "@types/cookie@0.6.0": {
      "integrity": "sha512-4Kh9a6B2bQciAhf7FSuMRRkUWecJgJu9nPnx3yzpsfXX/c50REIqpHY4C82bXP90qrLtXtkDxTZosYO3UpOwlA=="
    },
    "@types/estree@1.0.8": {
      "integrity": "sha512-dWHzHa2WqEXI/O1E9OjrocMTKJl2mSrEolh1Iomrv6U+JuNwaHXsXx9bLu5gG7BUWFIN0skIQJQ/L1rIex4X6w=="
    },
    "acorn@8.15.0": {
      "integrity": "sha512-NZyJarBfL7nWwIq+FDL6Zp/yHEhePMNnnJ0y3qfieCrmNvYct8uvtiV41UvlSe6apAfk0fY1FbWx+NwfmpvtTg==",
      "bin": true
    },
    "aria-query@5.3.2": {
      "integrity": "sha512-COROpnaoap1E2F000S62r6A60uHZnmlvomhfyT2DlTcrY1OrBKn2UhH7qn5wTC9zMvD0AY7csdPSNwKP+7WiQw=="
    },
    "axobject-query@4.1.0": {
      "integrity": "sha512-qIj0G9wZbMGNLjLmg1PT6v2mE9AH2zlnADJD/2tC6E00hgmhUOfEB6greHPAfLRSufHqROIUTkw6E+M3lH0PTQ=="
    },
    "chokidar@4.0.3": {
      "integrity": "sha512-Qgzu8kfBvo+cA4962jnP1KkS6Dop5NS6g7R5LFYJr4b8Ub94PPQXUksCw9PvXoeXPRRddRNC5C1JQUR2SMGtnA==",
      "dependencies": [
        "readdirp"
      ]
    },
    "clsx@2.1.1": {
      "integrity": "sha512-eYm0QWBtUrBWZWG0d386OGAw16Z995PiOVo2B7bjWSbHedGl5e0ZWaq65kOGgUSNesEIDkB9ISbTg/JK9dhCZA=="
    },
    "cookie@0.6.0": {
      "integrity": "sha512-U71cyTamuh1CRNCfpGY6to28lxvNwPG4Guz/EVjgf3Jmzv0vlDp1atT9eS5dDjMYHucpHbWns6Lwf3BKz6svdw=="
    },
    "debug@4.4.3": {
      "integrity": "sha512-RGwwWnwQvkVfavKVt22FGLw+xYSdzARwm0ru6DhTVA3umU5hZc28V3kO4stgYryrTlLpuvgI9GiijltAjNbcqA==",
      "dependencies": [
        "ms"
      ]
    },
    "deepmerge@4.3.1": {
      "integrity": "sha512-3sUqbMEc77XqpdNO7FRyRog+eW3ph+GYCbj+rK+uYyRMuwsVy0rMiVtPn+QJlKFvWP/1PYpapqYn0Me2knFn+A=="
    },
    "dequal@2.0.3": {
      "integrity": "sha512-0je+qPKHEMohvfRTCEo3CrPG6cAzAYgmzKyxRiYSSDkS6eGJdyVJm7WaYA5ECaAD9wLB2T4EEeymA5aFVcYXCA=="
    },
    "devalue@5.5.0": {
      "integrity": "sha512-69sM5yrHfFLJt0AZ9QqZXGCPfJ7fQjvpln3Rq5+PS03LD32Ost1Q9N+eEnaQwGRIriKkMImXD56ocjQmfjbV3w=="
    },
    "esbuild@0.25.12": {
      "integrity": "sha512-bbPBYYrtZbkt6Os6FiTLCTFxvq4tt3JKall1vRwshA3fdVztsLAatFaZobhkBC8/BrPetoa0oksYoKXoG4ryJg==",
      "optionalDependencies": [
        "@esbuild/aix-ppc64",
        "@esbuild/android-arm",
        "@esbuild/android-arm64",
        "@esbuild/android-x64",
        "@esbuild/darwin-arm64",
        "@esbuild/darwin-x64",
        "@esbuild/freebsd-arm64",
        "@esbuild/freebsd-x64",
        "@esbuild/linux-arm",
        "@esbuild/linux-arm64",
        "@esbuild/linux-ia32",
        "@esbuild/linux-loong64",
        "@esbuild/linux-mips64el",
        "@esbuild/linux-ppc64",
        "@esbuild/linux-riscv64",
        "@esbuild/linux-s390x",
        "@esbuild/linux-x64",
        "@esbuild/netbsd-arm64",
        "@esbuild/netbsd-x64",
        "@esbuild/openbsd-arm64",
        "@esbuild/openbsd-x64",
        "@esbuild/openharmony-arm64",
        "@esbuild/sunos-x64",
        "@esbuild/win32-arm64",
        "@esbuild/win32-ia32",
        "@esbuild/win32-x64"
      ],
      "scripts": true,
      "bin": true
    },
    "esm-env@1.2.2": {
      "integrity": "sha512-Epxrv+Nr/CaL4ZcFGPJIYLWFom+YeV1DqMLHJoEd9SYRxNbaFruBwfEX/kkHUJf55j2+TUbmDcmuilbP1TmXHA=="
    },
    "esrap@2.1.3": {
      "integrity": "sha512-T/Dhhv/QH+yYmiaLz9SA3PW+YyenlnRKDNdtlYJrSOBmNsH4nvPux+mTwx7p+wAedlJrGoZtXNI0a0MjQ2QkVg==",
      "dependencies": [
        "@jridgewell/sourcemap-codec"
      ]
    },
    "fdir@6.5.0_picomatch@4.0.3": {
      "integrity": "sha512-tIbYtZbucOs0BRGqPJkshJUYdL+SDH7dVM8gjy+ERp3WAUjLEFJE+02kanyHtwjWOnwrKYBiwAmM0p4kLJAnXg==",
      "dependencies": [
        "picomatch"
      ],
      "optionalPeers": [
        "picomatch"
      ]
    },
    "fsevents@2.3.3": {
      "integrity": "sha512-5xoDfX+fL7faATnagmWPpbFtwh/R77WmMMqqHGS65C3vvB0YHrgF+B1YmZ3441tMj5n63k0212XNoJwzlhffQw==",
      "os": ["darwin"],
      "scripts": true
    },
    "is-reference@3.0.3": {
      "integrity": "sha512-ixkJoqQvAP88E6wLydLGGqCJsrFUnqoH6HnaczB8XmDH1oaWU+xxdptvikTgaEhtZ53Ky6YXiBuUI2WXLMCwjw==",
      "dependencies": [
        "@types/estree"
      ]
    },
    "kleur@4.1.5": {
      "integrity": "sha512-o+NO+8WrRiQEE4/7nwRJhN1HWpVmJm511pBHUxPLtp0BUISzlBplORYSmTclCnJvQq2tKu/sgl3xVpkc7ZWuQQ=="
    },
    "locate-character@3.0.0": {
      "integrity": "sha512-SW13ws7BjaeJ6p7Q6CO2nchbYEc3X3J6WrmTTDto7yMPqVSZTUyY5Tjbid+Ab8gLnATtygYtiDIJGQRRn2ZOiA=="
    },
    "lz-string@1.5.0": {
      "integrity": "sha512-h5bgJWpxJNswbU7qCrV0tIKQCaS3blPDrqKWx+QxzuzL1zGUzij9XCWLrSLsJPu5t+eWA/ycetzYAO5IOMcWAQ==",
      "bin": true
    },
    "magic-string@0.30.21": {
      "integrity": "sha512-vd2F4YUyEXKGcLHoq+TEyCjxueSeHnFxyyjNp80yg0XV4vUhnDer/lvvlqM/arB5bXQN5K2/3oinyCRyx8T2CQ==",
      "dependencies": [
        "@jridgewell/sourcemap-codec"
      ]
    },
    "mri@1.2.0": {
      "integrity": "sha512-tzzskb3bG8LvYGFF/mDTpq3jpI6Q9wc3LEmBaghu+DdCssd1FakN7Bc0hVNmEyGq1bq3RgfkCb3cmQLpNPOroA=="
    },
    "mrmime@2.0.1": {
      "integrity": "sha512-Y3wQdFg2Va6etvQ5I82yUhGdsKrcYox6p7FfL1LbK2J4V01F9TGlepTIhnK24t7koZibmg82KGglhA1XK5IsLQ=="
    },
    "ms@2.1.3": {
      "integrity": "sha512-6FlzubTLZG3J2a/NVCAleEhjzq5oxgHyaCU9yYXvcLsvoVaHJq/s5xXI6/XXP6tz7R9xAOtHnSO/tXtF3WRTlA=="
    },
    "nanoid@3.3.11": {
      "integrity": "sha512-N8SpfPUnUp1bK+PMYW8qSWdl9U+wwNWI4QKxOYDy9JAro3WMX7p2OeVRF9v+347pnakNevPmiHhNmZ2HbFA76w==",
      "bin": true
    },
    "picocolors@1.1.1": {
      "integrity": "sha512-xceH2snhtb5M9liqDsmEw56le376mTZkEX/jEb/RxNFyegNul7eNslCXP9FDj/Lcu0X8KEyMceP2ntpaHrDEVA=="
    },
    "picomatch@4.0.3": {
      "integrity": "sha512-5gTmgEY/sqK6gFXLIsQNH19lWb4ebPDLA4SdLP7dsWkIXHWlG66oPuVvXSGFPppYZz8ZDZq0dYYrbHfBCVUb1Q=="
    },
    "postcss@8.5.6": {
      "integrity": "sha512-3Ybi1tAuwAP9s0r1UQ2J4n5Y0G05bJkpUIO0/bI9MhwmD70S5aTWbXGBwxHrelT+XM1k6dM0pk+SwNkpTRN7Pg==",
      "dependencies": [
        "nanoid",
        "picocolors",
        "source-map-js"
      ]
    },
    "readdirp@4.1.2": {
      "integrity": "sha512-GDhwkLfywWL2s6vEjyhri+eXmfH6j1L7JE27WhqLeYzoh/A3DBaYGEj2H/HFZCn/kMfim73FXxEJTw06WtxQwg=="
    },
    "rollup@4.53.3": {
      "integrity": "sha512-w8GmOxZfBmKknvdXU1sdM9NHcoQejwF/4mNgj2JuEEdRaHwwF12K7e9eXn1nLZ07ad+du76mkVsyeb2rKGllsA==",
      "dependencies": [
        "@types/estree"
      ],
      "optionalDependencies": [
        "@rollup/rollup-android-arm-eabi",
        "@rollup/rollup-android-arm64",
        "@rollup/rollup-darwin-arm64",
        "@rollup/rollup-darwin-x64",
        "@rollup/rollup-freebsd-arm64",
        "@rollup/rollup-freebsd-x64",
        "@rollup/rollup-linux-arm-gnueabihf",
        "@rollup/rollup-linux-arm-musleabihf",
        "@rollup/rollup-linux-arm64-gnu",
        "@rollup/rollup-linux-arm64-musl",
        "@rollup/rollup-linux-loong64-gnu",
        "@rollup/rollup-linux-ppc64-gnu",
        "@rollup/rollup-linux-riscv64-gnu",
        "@rollup/rollup-linux-riscv64-musl",
        "@rollup/rollup-linux-s390x-gnu",
        "@rollup/rollup-linux-x64-gnu",
        "@rollup/rollup-linux-x64-musl",
        "@rollup/rollup-openharmony-arm64",
        "@rollup/rollup-win32-arm64-msvc",
        "@rollup/rollup-win32-ia32-msvc",
        "@rollup/rollup-win32-x64-gnu",
        "@rollup/rollup-win32-x64-msvc",
        "fsevents"
      ],
      "bin": true
    },
    "runed@0.36.0_@sveltejs+kit@2.49.0__@sveltejs+vite-plugin-svelte@6.2.1___svelte@5.43.14____acorn@8.15.0___vite@7.2.4____picomatch@4.0.3__svelte@5.43.14___acorn@8.15.0__vite@7.2.4___picomatch@4.0.3__acorn@8.15.0_svelte@5.43.14__acorn@8.15.0_@sveltejs+vite-plugin-svelte@6.2.1__svelte@5.43.14___acorn@8.15.0__vite@7.2.4___picomatch@4.0.3_vite@7.2.4__picomatch@4.0.3": {
      "integrity": "sha512-CK84KPwAausPQEyWF9t6miCuNW5isAKPMswDsz7jhdueiZZ9du/UrgWc/aggLts8QuppT8KucryrHDFBAqk9Ww==",
      "dependencies": [
        "@sveltejs/kit",
        "dequal",
        "esm-env",
        "lz-string",
        "svelte"
      ],
      "optionalPeers": [
        "@sveltejs/kit"
      ]
    },
    "sade@1.8.1": {
      "integrity": "sha512-xal3CZX1Xlo/k4ApwCFrHVACi9fBqJ7V+mwhBsuf/1IOKbBy098Fex+Wa/5QMubw09pSZ/u8EY8PWgevJsXp1A==",
      "dependencies": [
        "mri"
      ]
    },
    "set-cookie-parser@2.7.2": {
      "integrity": "sha512-oeM1lpU/UvhTxw+g3cIfxXHyJRc/uidd3yK1P242gzHds0udQBYzs3y8j4gCCW+ZJ7ad0yctld8RYO+bdurlvw=="
    },
    "sirv@3.0.2": {
      "integrity": "sha512-2wcC/oGxHis/BoHkkPwldgiPSYcpZK3JU28WoMVv55yHJgcZ8rlXvuG9iZggz+sU1d4bRgIGASwyWqjxu3FM0g==",
      "dependencies": [
        "@polka/url",
        "mrmime",
        "totalist"
      ]
    },
    "source-map-js@1.2.1": {
      "integrity": "sha512-UXWMKhLOwVKb728IUtQPXxfYU+usdybtUrK/8uGE8CQMvrhOpwvzDBwj0QhSL7MQc7vIsISBG8VQ8+IDQxpfQA=="
    },
    "svelte-check@4.3.4_svelte@5.43.14__acorn@8.15.0_typescript@5.9.3": {
      "integrity": "sha512-DVWvxhBrDsd+0hHWKfjP99lsSXASeOhHJYyuKOFYJcP7ThfSCKgjVarE8XfuMWpS5JV3AlDf+iK1YGGo2TACdw==",
      "dependencies": [
        "@jridgewell/trace-mapping",
        "chokidar",
        "fdir",
        "picocolors",
        "sade",
        "svelte",
        "typescript"
      ],
      "bin": true
    },
    "svelte@5.43.14_acorn@8.15.0": {
      "integrity": "sha512-pHeUrp1A5S6RGaXhJB7PtYjL1VVjbVrJ2EfuAoPu9/1LeoMaJa/pcdCsCSb0gS4eUHAHnhCbUDxORZyvGK6kOQ==",
      "dependencies": [
        "@jridgewell/remapping",
        "@jridgewell/sourcemap-codec",
        "@sveltejs/acorn-typescript",
        "@types/estree",
        "acorn",
        "aria-query",
        "axobject-query",
        "clsx",
        "esm-env",
        "esrap",
        "is-reference",
        "locate-character",
        "magic-string",
        "zimmerframe"
      ]
    },
    "tinyglobby@0.2.15_picomatch@4.0.3": {
      "integrity": "sha512-j2Zq4NyQYG5XMST4cbs02Ak8iJUdxRM0XI5QyxXuZOzKOINmWurp3smXu3y5wDcJrptwpSjgXHzIQxR0omXljQ==",
      "dependencies": [
        "fdir",
        "picomatch"
      ]
    },
    "totalist@3.0.1": {
      "integrity": "sha512-sf4i37nQ2LBx4m3wB74y+ubopq6W/dIzXg0FDGjsYnZHVa1Da8FH853wlL2gtUhg+xJXjfk3kUZS3BRoQeoQBQ=="
    },
    "typescript@5.9.3": {
      "integrity": "sha512-jl1vZzPDinLr9eUt3J/t7V6FgNEw9QjvBPdysz9KfQDD41fQrC2Y4vKQdiaUpFT4bXlb1RHhLpp8wtm6M5TgSw==",
      "bin": true
    },
    "uuid@11.1.0": {
      "integrity": "sha512-0/A9rDy9P7cJ+8w1c9WD9V//9Wj15Ce2MPz8Ri6032usz+NfePxx5AcN3bN+r6ZL6jEo066/yNYB3tn4pQEx+A==",
      "bin": true
    },
    "vite-plugin-devtools-json@1.0.0_vite@7.2.4__picomatch@4.0.3": {
      "integrity": "sha512-MobvwqX76Vqt/O4AbnNMNWoXWGrKUqZbphCUle/J2KXH82yKQiunOeKnz/nqEPosPsoWWPP9FtNuPBSYpiiwkw==",
      "dependencies": [
        "uuid",
        "vite"
      ]
    },
    "vite@7.2.4_picomatch@4.0.3": {
      "integrity": "sha512-NL8jTlbo0Tn4dUEXEsUg8KeyG/Lkmc4Fnzb8JXN/Ykm9G4HNImjtABMJgkQoVjOBN/j2WAwDTRytdqJbZsah7w==",
      "dependencies": [
        "esbuild",
        "fdir",
        "picomatch",
        "postcss",
        "rollup",
        "tinyglobby"
      ],
      "optionalDependencies": [
        "fsevents"
      ],
      "bin": true
    },
    "vitefu@1.1.1_vite@7.2.4__picomatch@4.0.3": {
      "integrity": "sha512-B/Fegf3i8zh0yFbpzZ21amWzHmuNlLlmJT6n7bu5e+pCHUKQIfXSYokrqOBGEMMe9UG2sostKQF9mml/vYaWJQ==",
      "dependencies": [
        "vite"
      ],
      "optionalPeers": [
        "vite"
      ]
    },
    "zimmerframe@1.1.4": {
      "integrity": "sha512-B58NGBEoc8Y9MWWCQGl/gq9xBCe4IiKM0a2x7GZdQKOW5Exr8S1W24J6OgM1njK8xCRGvAJIL/MxXHf6SkmQKQ=="
    }
  },
  "workspace": {
    "packageJson": {
      "dependencies": [
        "npm:@sveltejs/adapter-auto@7",
        "npm:@sveltejs/kit@^2.48.5",
        "npm:@sveltejs/vite-plugin-svelte@^6.2.1",
        "npm:runed@0.36",
        "npm:svelte-check@^4.3.4",
        "npm:svelte@^5.43.8",
        "npm:typescript@^5.9.3",
        "npm:vite-plugin-devtools-json@1",
        "npm:vite@^7.2.2"
      ]
    }
  }
}
