{
  "version": "5",
  "specifiers": {
    "npm:@sveltejs/adapter-static@^3.0.8": "3.0.8_@sveltejs+kit@2.21.1__@sveltejs+vite-plugin-svelte@5.0.3___svelte@5.33.10____acorn@8.14.1___vite@6.3.5____picomatch@4.0.2__svelte@5.33.10___acorn@8.14.1__vite@6.3.5___picomatch@4.0.2__acorn@8.14.1_@sveltejs+vite-plugin-svelte@5.0.3__svelte@5.33.10___acorn@8.14.1__vite@6.3.5___picomatch@4.0.2_svelte@5.33.10__acorn@8.14.1_vite@6.3.5__picomatch@4.0.2",
    "npm:@sveltejs/kit@^2.16.0": "2.21.1_@sveltejs+vite-plugin-svelte@5.0.3__svelte@5.33.10___acorn@8.14.1__vite@6.3.5___picomatch@4.0.2_svelte@5.33.10__acorn@8.14.1_vite@6.3.5__picomatch@4.0.2_acorn@8.14.1",
    "npm:@sveltejs/vite-plugin-svelte@5": "5.0.3_svelte@5.33.10__acorn@8.14.1_vite@6.3.5__picomatch@4.0.2",
    "npm:svelte-check@4": "4.2.1_svelte@5.33.10__acorn@8.14.1_typescript@5.8.3",
    "npm:svelte@5": "5.33.10_acorn@8.14.1",
    "npm:typescript@5": "5.8.3",
    "npm:vite@^6.2.6": "6.3.5_picomatch@4.0.2"
  },
  "npm": {
    "@ampproject/remapping@2.3.0": {
      "integrity": "sha512-30iZtAPgz+LTIYoeivqYo853f02jBYSd5uGnGpkFV0M3xOt9aN73erkgYAmZU43x4VfqcnLxW9Kpg3R5LC4YYw==",
      "dependencies": [
        "@jridgewell/gen-mapping",
        "@jridgewell/trace-mapping"
      ]
    },
    "@esbuild/aix-ppc64@0.25.5": {
      "integrity": "sha512-9o3TMmpmftaCMepOdA5k/yDw8SfInyzWWTjYTFCX3kPSDJMROQTb8jg+h9Cnwnmm1vOzvxN7gIfB5V2ewpjtGA==",
      "os": ["aix"],
      "cpu": ["ppc64"]
    },
    "@esbuild/android-arm64@0.25.5": {
      "integrity": "sha512-VGzGhj4lJO+TVGV1v8ntCZWJktV7SGCs3Pn1GRWI1SBFtRALoomm8k5E9Pmwg3HOAal2VDc2F9+PM/rEY6oIDg==",
      "os": ["android"],
      "cpu": ["arm64"]
    },
    "@esbuild/android-arm@0.25.5": {
      "integrity": "sha512-AdJKSPeEHgi7/ZhuIPtcQKr5RQdo6OO2IL87JkianiMYMPbCtot9fxPbrMiBADOWWm3T2si9stAiVsGbTQFkbA==",
      "os": ["android"],
      "cpu": ["arm"]
    },
    "@esbuild/android-x64@0.25.5": {
      "integrity": "sha512-D2GyJT1kjvO//drbRT3Hib9XPwQeWd9vZoBJn+bu/lVsOZ13cqNdDeqIF/xQ5/VmWvMduP6AmXvylO/PIc2isw==",
      "os": ["android"],
      "cpu": ["x64"]
    },
    "@esbuild/darwin-arm64@0.25.5": {
      "integrity": "sha512-GtaBgammVvdF7aPIgH2jxMDdivezgFu6iKpmT+48+F8Hhg5J/sfnDieg0aeG/jfSvkYQU2/pceFPDKlqZzwnfQ==",
      "os": ["darwin"],
      "cpu": ["arm64"]
    },
    "@esbuild/darwin-x64@0.25.5": {
      "integrity": "sha512-1iT4FVL0dJ76/q1wd7XDsXrSW+oLoquptvh4CLR4kITDtqi2e/xwXwdCVH8hVHU43wgJdsq7Gxuzcs6Iq/7bxQ==",
      "os": ["darwin"],
      "cpu": ["x64"]
    },
    "@esbuild/freebsd-arm64@0.25.5": {
      "integrity": "sha512-nk4tGP3JThz4La38Uy/gzyXtpkPW8zSAmoUhK9xKKXdBCzKODMc2adkB2+8om9BDYugz+uGV7sLmpTYzvmz6Sw==",
      "os": ["freebsd"],
      "cpu": ["arm64"]
    },
    "@esbuild/freebsd-x64@0.25.5": {
      "integrity": "sha512-PrikaNjiXdR2laW6OIjlbeuCPrPaAl0IwPIaRv+SMV8CiM8i2LqVUHFC1+8eORgWyY7yhQY+2U2fA55mBzReaw==",
      "os": ["freebsd"],
      "cpu": ["x64"]
    },
    "@esbuild/linux-arm64@0.25.5": {
      "integrity": "sha512-Z9kfb1v6ZlGbWj8EJk9T6czVEjjq2ntSYLY2cw6pAZl4oKtfgQuS4HOq41M/BcoLPzrUbNd+R4BXFyH//nHxVg==",
      "os": ["linux"],
      "cpu": ["arm64"]
    },
    "@esbuild/linux-arm@0.25.5": {
      "integrity": "sha512-cPzojwW2okgh7ZlRpcBEtsX7WBuqbLrNXqLU89GxWbNt6uIg78ET82qifUy3W6OVww6ZWobWub5oqZOVtwolfw==",
      "os": ["linux"],
      "cpu": ["arm"]
    },
    "@esbuild/linux-ia32@0.25.5": {
      "integrity": "sha512-sQ7l00M8bSv36GLV95BVAdhJ2QsIbCuCjh/uYrWiMQSUuV+LpXwIqhgJDcvMTj+VsQmqAHL2yYaasENvJ7CDKA==",
      "os": ["linux"],
      "cpu": ["ia32"]
    },
    "@esbuild/linux-loong64@0.25.5": {
      "integrity": "sha512-0ur7ae16hDUC4OL5iEnDb0tZHDxYmuQyhKhsPBV8f99f6Z9KQM02g33f93rNH5A30agMS46u2HP6qTdEt6Q1kg==",
      "os": ["linux"],
      "cpu": ["loong64"]
    },
    "@esbuild/linux-mips64el@0.25.5": {
      "integrity": "sha512-kB/66P1OsHO5zLz0i6X0RxlQ+3cu0mkxS3TKFvkb5lin6uwZ/ttOkP3Z8lfR9mJOBk14ZwZ9182SIIWFGNmqmg==",
      "os": ["linux"],
      "cpu": ["mips64el"]
    },
    "@esbuild/linux-ppc64@0.25.5": {
      "integrity": "sha512-UZCmJ7r9X2fe2D6jBmkLBMQetXPXIsZjQJCjgwpVDz+YMcS6oFR27alkgGv3Oqkv07bxdvw7fyB71/olceJhkQ==",
      "os": ["linux"],
      "cpu": ["ppc64"]
    },
    "@esbuild/linux-riscv64@0.25.5": {
      "integrity": "sha512-kTxwu4mLyeOlsVIFPfQo+fQJAV9mh24xL+y+Bm6ej067sYANjyEw1dNHmvoqxJUCMnkBdKpvOn0Ahql6+4VyeA==",
      "os": ["linux"],
      "cpu": ["riscv64"]
    },
    "@esbuild/linux-s390x@0.25.5": {
      "integrity": "sha512-K2dSKTKfmdh78uJ3NcWFiqyRrimfdinS5ErLSn3vluHNeHVnBAFWC8a4X5N+7FgVE1EjXS1QDZbpqZBjfrqMTQ==",
      "os": ["linux"],
      "cpu": ["s390x"]
    },
    "@esbuild/linux-x64@0.25.5": {
      "integrity": "sha512-uhj8N2obKTE6pSZ+aMUbqq+1nXxNjZIIjCjGLfsWvVpy7gKCOL6rsY1MhRh9zLtUtAI7vpgLMK6DxjO8Qm9lJw==",
      "os": ["linux"],
      "cpu": ["x64"]
    },
    "@esbuild/netbsd-arm64@0.25.5": {
      "integrity": "sha512-pwHtMP9viAy1oHPvgxtOv+OkduK5ugofNTVDilIzBLpoWAM16r7b/mxBvfpuQDpRQFMfuVr5aLcn4yveGvBZvw==",
      "os": ["netbsd"],
      "cpu": ["arm64"]
    },
    "@esbuild/netbsd-x64@0.25.5": {
      "integrity": "sha512-WOb5fKrvVTRMfWFNCroYWWklbnXH0Q5rZppjq0vQIdlsQKuw6mdSihwSo4RV/YdQ5UCKKvBy7/0ZZYLBZKIbwQ==",
      "os": ["netbsd"],
      "cpu": ["x64"]
    },
    "@esbuild/openbsd-arm64@0.25.5": {
      "integrity": "sha512-7A208+uQKgTxHd0G0uqZO8UjK2R0DDb4fDmERtARjSHWxqMTye4Erz4zZafx7Di9Cv+lNHYuncAkiGFySoD+Mw==",
      "os": ["openbsd"],
      "cpu": ["arm64"]
    },
    "@esbuild/openbsd-x64@0.25.5": {
      "integrity": "sha512-G4hE405ErTWraiZ8UiSoesH8DaCsMm0Cay4fsFWOOUcz8b8rC6uCvnagr+gnioEjWn0wC+o1/TAHt+It+MpIMg==",
      "os": ["openbsd"],
      "cpu": ["x64"]
    },
    "@esbuild/sunos-x64@0.25.5": {
      "integrity": "sha512-l+azKShMy7FxzY0Rj4RCt5VD/q8mG/e+mDivgspo+yL8zW7qEwctQ6YqKX34DTEleFAvCIUviCFX1SDZRSyMQA==",
      "os": ["sunos"],
      "cpu": ["x64"]
    },
    "@esbuild/win32-arm64@0.25.5": {
      "integrity": "sha512-O2S7SNZzdcFG7eFKgvwUEZ2VG9D/sn/eIiz8XRZ1Q/DO5a3s76Xv0mdBzVM5j5R639lXQmPmSo0iRpHqUUrsxw==",
      "os": ["win32"],
      "cpu": ["arm64"]
    },
    "@esbuild/win32-ia32@0.25.5": {
      "integrity": "sha512-onOJ02pqs9h1iMJ1PQphR+VZv8qBMQ77Klcsqv9CNW2w6yLqoURLcgERAIurY6QE63bbLuqgP9ATqajFLK5AMQ==",
      "os": ["win32"],
      "cpu": ["ia32"]
    },
    "@esbuild/win32-x64@0.25.5": {
      "integrity": "sha512-TXv6YnJ8ZMVdX+SXWVBo/0p8LTcrUYngpWjvm91TMjjBQii7Oz11Lw5lbDV5Y0TzuhSJHwiH4hEtC1I42mMS0g==",
      "os": ["win32"],
      "cpu": ["x64"]
    },
    "@jridgewell/gen-mapping@0.3.8": {
      "integrity": "sha512-imAbBGkb+ebQyxKgzv5Hu2nmROxoDOXHh80evxdoXNOrvAnVx7zimzc1Oo5h9RlfV4vPXaE2iM5pOFbvOCClWA==",
      "dependencies": [
        "@jridgewell/set-array",
        "@jridgewell/sourcemap-codec",
        "@jridgewell/trace-mapping"
      ]
    },
    "@jridgewell/resolve-uri@3.1.2": {
      "integrity": "sha512-bRISgCIjP20/tbWSPWMEi54QVPRZExkuD9lJL+UIxUKtwVJA8wW1Trb1jMs1RFXo1CBTNZ/5hpC9QvmKWdopKw=="
    },
    "@jridgewell/set-array@1.2.1": {
      "integrity": "sha512-R8gLRTZeyp03ymzP/6Lil/28tGeGEzhx1q2k703KGWRAI1VdvPIXdG70VJc2pAMw3NA6JKL5hhFu1sJX0Mnn/A=="
    },
    "@jridgewell/sourcemap-codec@1.5.0": {
      "integrity": "sha512-gv3ZRaISU3fjPAgNsriBRqGWQL6quFx04YMPW/zD8XMLsU32mhCCbfbO6KZFLjvYpCZ8zyDEgqsgf+PwPaM7GQ=="
    },
    "@jridgewell/trace-mapping@0.3.25": {
      "integrity": "sha512-vNk6aEwybGtawWmy/PzwnGDOjCkLWSD2wqvjGGAgOAwCGWySYXfYoxt00IJkTF+8Lb57DwOb3Aa0o9CApepiYQ==",
      "dependencies": [
        "@jridgewell/resolve-uri",
        "@jridgewell/sourcemap-codec"
      ]
    },
    "@polka/url@1.0.0-next.29": {
      "integrity": "sha512-wwQAWhWSuHaag8c4q/KN/vCoeOJYshAIvMQwD4GpSb3OiZklFfvAgmj0VCBBImRpuF/aFgIRzllXlVX93Jevww=="
    },
    "@rollup/rollup-android-arm-eabi@4.41.1": {
      "integrity": "sha512-NELNvyEWZ6R9QMkiytB4/L4zSEaBC03KIXEghptLGLZWJ6VPrL63ooZQCOnlx36aQPGhzuOMwDerC1Eb2VmrLw==",
      "os": ["android"],
      "cpu": ["arm"]
    },
    "@rollup/rollup-android-arm64@4.41.1": {
      "integrity": "sha512-DXdQe1BJ6TK47ukAoZLehRHhfKnKg9BjnQYUu9gzhI8Mwa1d2fzxA1aw2JixHVl403bwp1+/o/NhhHtxWJBgEA==",
      "os": ["android"],
      "cpu": ["arm64"]
    },
    "@rollup/rollup-darwin-arm64@4.41.1": {
      "integrity": "sha512-5afxvwszzdulsU2w8JKWwY8/sJOLPzf0e1bFuvcW5h9zsEg+RQAojdW0ux2zyYAz7R8HvvzKCjLNJhVq965U7w==",
      "os": ["darwin"],
      "cpu": ["arm64"]
    },
    "@rollup/rollup-darwin-x64@4.41.1": {
      "integrity": "sha512-egpJACny8QOdHNNMZKf8xY0Is6gIMz+tuqXlusxquWu3F833DcMwmGM7WlvCO9sB3OsPjdC4U0wHw5FabzCGZg==",
      "os": ["darwin"],
      "cpu": ["x64"]
    },
    "@rollup/rollup-freebsd-arm64@4.41.1": {
      "integrity": "sha512-DBVMZH5vbjgRk3r0OzgjS38z+atlupJ7xfKIDJdZZL6sM6wjfDNo64aowcLPKIx7LMQi8vybB56uh1Ftck/Atg==",
      "os": ["freebsd"],
      "cpu": ["arm64"]
    },
    "@rollup/rollup-freebsd-x64@4.41.1": {
      "integrity": "sha512-3FkydeohozEskBxNWEIbPfOE0aqQgB6ttTkJ159uWOFn42VLyfAiyD9UK5mhu+ItWzft60DycIN1Xdgiy8o/SA==",
      "os": ["freebsd"],
      "cpu": ["x64"]
    },
    "@rollup/rollup-linux-arm-gnueabihf@4.41.1": {
      "integrity": "sha512-wC53ZNDgt0pqx5xCAgNunkTzFE8GTgdZ9EwYGVcg+jEjJdZGtq9xPjDnFgfFozQI/Xm1mh+D9YlYtl+ueswNEg==",
      "os": ["linux"],
      "cpu": ["arm"]
    },
    "@rollup/rollup-linux-arm-musleabihf@4.41.1": {
      "integrity": "sha512-jwKCca1gbZkZLhLRtsrka5N8sFAaxrGz/7wRJ8Wwvq3jug7toO21vWlViihG85ei7uJTpzbXZRcORotE+xyrLA==",
      "os": ["linux"],
      "cpu": ["arm"]
    },
    "@rollup/rollup-linux-arm64-gnu@4.41.1": {
      "integrity": "sha512-g0UBcNknsmmNQ8V2d/zD2P7WWfJKU0F1nu0k5pW4rvdb+BIqMm8ToluW/eeRmxCared5dD76lS04uL4UaNgpNA==",
      "os": ["linux"],
      "cpu": ["arm64"]
    },
    "@rollup/rollup-linux-arm64-musl@4.41.1": {
      "integrity": "sha512-XZpeGB5TKEZWzIrj7sXr+BEaSgo/ma/kCgrZgL0oo5qdB1JlTzIYQKel/RmhT6vMAvOdM2teYlAaOGJpJ9lahg==",
      "os": ["linux"],
      "cpu": ["arm64"]
    },
    "@rollup/rollup-linux-loongarch64-gnu@4.41.1": {
      "integrity": "sha512-bkCfDJ4qzWfFRCNt5RVV4DOw6KEgFTUZi2r2RuYhGWC8WhCA8lCAJhDeAmrM/fdiAH54m0mA0Vk2FGRPyzI+tw==",
      "os": ["linux"],
      "cpu": ["loong64"]
    },
    "@rollup/rollup-linux-powerpc64le-gnu@4.41.1": {
      "integrity": "sha512-3mr3Xm+gvMX+/8EKogIZSIEF0WUu0HL9di+YWlJpO8CQBnoLAEL/roTCxuLncEdgcfJcvA4UMOf+2dnjl4Ut1A==",
      "os": ["linux"],
      "cpu": ["ppc64"]
    },
    "@rollup/rollup-linux-riscv64-gnu@4.41.1": {
      "integrity": "sha512-3rwCIh6MQ1LGrvKJitQjZFuQnT2wxfU+ivhNBzmxXTXPllewOF7JR1s2vMX/tWtUYFgphygxjqMl76q4aMotGw==",
      "os": ["linux"],
      "cpu": ["riscv64"]
    },
    "@rollup/rollup-linux-riscv64-musl@4.41.1": {
      "integrity": "sha512-LdIUOb3gvfmpkgFZuccNa2uYiqtgZAz3PTzjuM5bH3nvuy9ty6RGc/Q0+HDFrHrizJGVpjnTZ1yS5TNNjFlklw==",
      "os": ["linux"],
      "cpu": ["riscv64"]
    },
    "@rollup/rollup-linux-s390x-gnu@4.41.1": {
      "integrity": "sha512-oIE6M8WC9ma6xYqjvPhzZYk6NbobIURvP/lEbh7FWplcMO6gn7MM2yHKA1eC/GvYwzNKK/1LYgqzdkZ8YFxR8g==",
      "os": ["linux"],
      "cpu": ["s390x"]
    },
    "@rollup/rollup-linux-x64-gnu@4.41.1": {
      "integrity": "sha512-cWBOvayNvA+SyeQMp79BHPK8ws6sHSsYnK5zDcsC3Hsxr1dgTABKjMnMslPq1DvZIp6uO7kIWhiGwaTdR4Og9A==",
      "os": ["linux"],
      "cpu": ["x64"]
    },
    "@rollup/rollup-linux-x64-musl@4.41.1": {
      "integrity": "sha512-y5CbN44M+pUCdGDlZFzGGBSKCA4A/J2ZH4edTYSSxFg7ce1Xt3GtydbVKWLlzL+INfFIZAEg1ZV6hh9+QQf9YQ==",
      "os": ["linux"],
      "cpu": ["x64"]
    },
    "@rollup/rollup-win32-arm64-msvc@4.41.1": {
      "integrity": "sha512-lZkCxIrjlJlMt1dLO/FbpZbzt6J/A8p4DnqzSa4PWqPEUUUnzXLeki/iyPLfV0BmHItlYgHUqJe+3KiyydmiNQ==",
      "os": ["win32"],
      "cpu": ["arm64"]
    },
    "@rollup/rollup-win32-ia32-msvc@4.41.1": {
      "integrity": "sha512-+psFT9+pIh2iuGsxFYYa/LhS5MFKmuivRsx9iPJWNSGbh2XVEjk90fmpUEjCnILPEPJnikAU6SFDiEUyOv90Pg==",
      "os": ["win32"],
      "cpu": ["ia32"]
    },
    "@rollup/rollup-win32-x64-msvc@4.41.1": {
      "integrity": "sha512-Wq2zpapRYLfi4aKxf2Xff0tN+7slj2d4R87WEzqw7ZLsVvO5zwYCIuEGSZYiK41+GlwUo1HiR+GdkLEJnCKTCw==",
      "os": ["win32"],
      "cpu": ["x64"]
    },
    "@sveltejs/acorn-typescript@1.0.5_acorn@8.14.1": {
      "integrity": "sha512-IwQk4yfwLdibDlrXVE04jTZYlLnwsTT2PIOQQGNLWfjavGifnk1JD1LcZjZaBTRcxZu2FfPfNLOE04DSu9lqtQ==",
      "dependencies": [
        "acorn"
      ]
    },
    "@sveltejs/adapter-static@3.0.8_@sveltejs+kit@2.21.1__@sveltejs+vite-plugin-svelte@5.0.3___svelte@5.33.10____acorn@8.14.1___vite@6.3.5____picomatch@4.0.2__svelte@5.33.10___acorn@8.14.1__vite@6.3.5___picomatch@4.0.2__acorn@8.14.1_@sveltejs+vite-plugin-svelte@5.0.3__svelte@5.33.10___acorn@8.14.1__vite@6.3.5___picomatch@4.0.2_svelte@5.33.10__acorn@8.14.1_vite@6.3.5__picomatch@4.0.2": {
      "integrity": "sha512-YaDrquRpZwfcXbnlDsSrBQNCChVOT9MGuSg+dMAyfsAa1SmiAhrA5jUYUiIMC59G92kIbY/AaQOWcBdq+lh+zg==",
      "dependencies": [
        "@sveltejs/kit"
      ]
    },
    "@sveltejs/kit@2.21.1_@sveltejs+vite-plugin-svelte@5.0.3__svelte@5.33.10___acorn@8.14.1__vite@6.3.5___picomatch@4.0.2_svelte@5.33.10__acorn@8.14.1_vite@6.3.5__picomatch@4.0.2_acorn@8.14.1": {
      "integrity": "sha512-vLbtVwtDcK8LhJKnFkFYwM0uCdFmzioQnif0bjEYH1I24Arz22JPr/hLUiXGVYAwhu8INKx5qrdvr4tHgPwX6w==",
      "dependencies": [
        "@sveltejs/acorn-typescript",
        "@sveltejs/vite-plugin-svelte",
        "@types/cookie",
        "acorn",
        "cookie",
        "devalue",
        "esm-env",
        "kleur",
        "magic-string",
        "mrmime",
        "sade",
        "set-cookie-parser",
        "sirv",
        "svelte",
        "vite"
      ],
      "bin": true
    },
    "@sveltejs/vite-plugin-svelte-inspector@4.0.1_@sveltejs+vite-plugin-svelte@5.0.3__svelte@5.33.10___acorn@8.14.1__vite@6.3.5___picomatch@4.0.2_svelte@5.33.10__acorn@8.14.1_vite@6.3.5__picomatch@4.0.2": {
      "integrity": "sha512-J/Nmb2Q2y7mck2hyCX4ckVHcR5tu2J+MtBEQqpDrrgELZ2uvraQcK/ioCV61AqkdXFgriksOKIceDcQmqnGhVw==",
      "dependencies": [
        "@sveltejs/vite-plugin-svelte",
        "debug",
        "svelte",
        "vite"
      ]
    },
    "@sveltejs/vite-plugin-svelte@5.0.3_svelte@5.33.10__acorn@8.14.1_vite@6.3.5__picomatch@4.0.2": {
      "integrity": "sha512-MCFS6CrQDu1yGwspm4qtli0e63vaPCehf6V7pIMP15AsWgMKrqDGCPFF/0kn4SP0ii4aySu4Pa62+fIRGFMjgw==",
      "dependencies": [
        "@sveltejs/vite-plugin-svelte-inspector",
        "debug",
        "deepmerge",
        "kleur",
        "magic-string",
        "svelte",
        "vite",
        "vitefu"
      ]
    },
    "@types/cookie@0.6.0": {
      "integrity": "sha512-4Kh9a6B2bQciAhf7FSuMRRkUWecJgJu9nPnx3yzpsfXX/c50REIqpHY4C82bXP90qrLtXtkDxTZosYO3UpOwlA=="
    },
    "@types/estree@1.0.7": {
      "integrity": "sha512-w28IoSUCJpidD/TGviZwwMJckNESJZXFu7NBZ5YJ4mEUnNraUn9Pm8HSZm/jDF1pDWYKspWE7oVphigUPRakIQ=="
    },
    "acorn@8.14.1": {
      "integrity": "sha512-OvQ/2pUDKmgfCg++xsTX1wGxfTaszcHVcTctW4UJB4hibJx2HXxxO5UmVgyjMa+ZDsiaf5wWLXYpRWMmBI0QHg==",
      "bin": true
    },
    "aria-query@5.3.2": {
      "integrity": "sha512-COROpnaoap1E2F000S62r6A60uHZnmlvomhfyT2DlTcrY1OrBKn2UhH7qn5wTC9zMvD0AY7csdPSNwKP+7WiQw=="
    },
    "axobject-query@4.1.0": {
      "integrity": "sha512-qIj0G9wZbMGNLjLmg1PT6v2mE9AH2zlnADJD/2tC6E00hgmhUOfEB6greHPAfLRSufHqROIUTkw6E+M3lH0PTQ=="
    },
    "chokidar@4.0.3": {
      "integrity": "sha512-Qgzu8kfBvo+cA4962jnP1KkS6Dop5NS6g7R5LFYJr4b8Ub94PPQXUksCw9PvXoeXPRRddRNC5C1JQUR2SMGtnA==",
      "dependencies": [
        "readdirp"
      ]
    },
    "clsx@2.1.1": {
      "integrity": "sha512-eYm0QWBtUrBWZWG0d386OGAw16Z995PiOVo2B7bjWSbHedGl5e0ZWaq65kOGgUSNesEIDkB9ISbTg/JK9dhCZA=="
    },
    "cookie@0.6.0": {
      "integrity": "sha512-U71cyTamuh1CRNCfpGY6to28lxvNwPG4Guz/EVjgf3Jmzv0vlDp1atT9eS5dDjMYHucpHbWns6Lwf3BKz6svdw=="
    },
    "debug@4.4.1": {
      "integrity": "sha512-KcKCqiftBJcZr++7ykoDIEwSa3XWowTfNPo92BYxjXiyYEVrUQh2aLyhxBCwww+heortUFxEJYcRzosstTEBYQ==",
      "dependencies": [
        "ms"
      ]
    },
    "deepmerge@4.3.1": {
      "integrity": "sha512-3sUqbMEc77XqpdNO7FRyRog+eW3ph+GYCbj+rK+uYyRMuwsVy0rMiVtPn+QJlKFvWP/1PYpapqYn0Me2knFn+A=="
    },
    "devalue@5.1.1": {
      "integrity": "sha512-maua5KUiapvEwiEAe+XnlZ3Rh0GD+qI1J/nb9vrJc3muPXvcF/8gXYTWF76+5DAqHyDUtOIImEuo0YKE9mshVw=="
    },
    "esbuild@0.25.5": {
      "integrity": "sha512-P8OtKZRv/5J5hhz0cUAdu/cLuPIKXpQl1R9pZtvmHWQvrAUVd0UNIPT4IB4W3rNOqVO0rlqHmCIbSwxh/c9yUQ==",
      "optionalDependencies": [
        "@esbuild/aix-ppc64",
        "@esbuild/android-arm",
        "@esbuild/android-arm64",
        "@esbuild/android-x64",
        "@esbuild/darwin-arm64",
        "@esbuild/darwin-x64",
        "@esbuild/freebsd-arm64",
        "@esbuild/freebsd-x64",
        "@esbuild/linux-arm",
        "@esbuild/linux-arm64",
        "@esbuild/linux-ia32",
        "@esbuild/linux-loong64",
        "@esbuild/linux-mips64el",
        "@esbuild/linux-ppc64",
        "@esbuild/linux-riscv64",
        "@esbuild/linux-s390x",
        "@esbuild/linux-x64",
        "@esbuild/netbsd-arm64",
        "@esbuild/netbsd-x64",
        "@esbuild/openbsd-arm64",
        "@esbuild/openbsd-x64",
        "@esbuild/sunos-x64",
        "@esbuild/win32-arm64",
        "@esbuild/win32-ia32",
        "@esbuild/win32-x64"
      ],
      "scripts": true,
      "bin": true
    },
    "esm-env@1.2.2": {
      "integrity": "sha512-Epxrv+Nr/CaL4ZcFGPJIYLWFom+YeV1DqMLHJoEd9SYRxNbaFruBwfEX/kkHUJf55j2+TUbmDcmuilbP1TmXHA=="
    },
    "esrap@1.4.6": {
      "integrity": "sha512-F/D2mADJ9SHY3IwksD4DAXjTt7qt7GWUf3/8RhCNWmC/67tyb55dpimHmy7EplakFaflV0R/PC+fdSPqrRHAQw==",
      "dependencies": [
        "@jridgewell/sourcemap-codec"
      ]
    },
    "fdir@6.4.5_picomatch@4.0.2": {
      "integrity": "sha512-4BG7puHpVsIYxZUbiUE3RqGloLaSSwzYie5jvasC4LWuBWzZawynvYouhjbQKw2JuIGYdm0DzIxl8iVidKlUEw==",
      "dependencies": [
        "picomatch"
      ],
      "optionalPeers": [
        "picomatch"
      ]
    },
    "fsevents@2.3.3": {
      "integrity": "sha512-5xoDfX+fL7faATnagmWPpbFtwh/R77WmMMqqHGS65C3vvB0YHrgF+B1YmZ3441tMj5n63k0212XNoJwzlhffQw==",
      "os": ["darwin"],
      "scripts": true
    },
    "is-reference@3.0.3": {
      "integrity": "sha512-ixkJoqQvAP88E6wLydLGGqCJsrFUnqoH6HnaczB8XmDH1oaWU+xxdptvikTgaEhtZ53Ky6YXiBuUI2WXLMCwjw==",
      "dependencies": [
        "@types/estree"
      ]
    },
    "kleur@4.1.5": {
      "integrity": "sha512-o+NO+8WrRiQEE4/7nwRJhN1HWpVmJm511pBHUxPLtp0BUISzlBplORYSmTclCnJvQq2tKu/sgl3xVpkc7ZWuQQ=="
    },
    "locate-character@3.0.0": {
      "integrity": "sha512-SW13ws7BjaeJ6p7Q6CO2nchbYEc3X3J6WrmTTDto7yMPqVSZTUyY5Tjbid+Ab8gLnATtygYtiDIJGQRRn2ZOiA=="
    },
    "magic-string@0.30.17": {
      "integrity": "sha512-sNPKHvyjVf7gyjwS4xGTaW/mCnF8wnjtifKBEhxfZ7E/S8tQ0rssrwGNn6q8JH/ohItJfSQp9mBtQYuTlH5QnA==",
      "dependencies": [
        "@jridgewell/sourcemap-codec"
      ]
    },
    "mri@1.2.0": {
      "integrity": "sha512-tzzskb3bG8LvYGFF/mDTpq3jpI6Q9wc3LEmBaghu+DdCssd1FakN7Bc0hVNmEyGq1bq3RgfkCb3cmQLpNPOroA=="
    },
    "mrmime@2.0.1": {
      "integrity": "sha512-Y3wQdFg2Va6etvQ5I82yUhGdsKrcYox6p7FfL1LbK2J4V01F9TGlepTIhnK24t7koZibmg82KGglhA1XK5IsLQ=="
    },
    "ms@2.1.3": {
      "integrity": "sha512-6FlzubTLZG3J2a/NVCAleEhjzq5oxgHyaCU9yYXvcLsvoVaHJq/s5xXI6/XXP6tz7R9xAOtHnSO/tXtF3WRTlA=="
    },
    "nanoid@3.3.11": {
      "integrity": "sha512-N8SpfPUnUp1bK+PMYW8qSWdl9U+wwNWI4QKxOYDy9JAro3WMX7p2OeVRF9v+347pnakNevPmiHhNmZ2HbFA76w==",
      "bin": true
    },
    "picocolors@1.1.1": {
      "integrity": "sha512-xceH2snhtb5M9liqDsmEw56le376mTZkEX/jEb/RxNFyegNul7eNslCXP9FDj/Lcu0X8KEyMceP2ntpaHrDEVA=="
    },
    "picomatch@4.0.2": {
      "integrity": "sha512-M7BAV6Rlcy5u+m6oPhAPFgJTzAioX/6B0DxyvDlo9l8+T3nLKbrczg2WLUyzd45L8RqfUMyGPzekbMvX2Ldkwg=="
    },
    "postcss@8.5.4": {
      "integrity": "sha512-QSa9EBe+uwlGTFmHsPKokv3B/oEMQZxfqW0QqNCyhpa6mB1afzulwn8hihglqAb2pOw+BJgNlmXQ8la2VeHB7w==",
      "dependencies": [
        "nanoid",
        "picocolors",
        "source-map-js"
      ]
    },
    "readdirp@4.1.2": {
      "integrity": "sha512-GDhwkLfywWL2s6vEjyhri+eXmfH6j1L7JE27WhqLeYzoh/A3DBaYGEj2H/HFZCn/kMfim73FXxEJTw06WtxQwg=="
    },
    "rollup@4.41.1": {
      "integrity": "sha512-cPmwD3FnFv8rKMBc1MxWCwVQFxwf1JEmSX3iQXrRVVG15zerAIXRjMFVWnd5Q5QvgKF7Aj+5ykXFhUl+QGnyOw==",
      "dependencies": [
        "@types/estree"
      ],
      "optionalDependencies": [
        "@rollup/rollup-android-arm-eabi",
        "@rollup/rollup-android-arm64",
        "@rollup/rollup-darwin-arm64",
        "@rollup/rollup-darwin-x64",
        "@rollup/rollup-freebsd-arm64",
        "@rollup/rollup-freebsd-x64",
        "@rollup/rollup-linux-arm-gnueabihf",
        "@rollup/rollup-linux-arm-musleabihf",
        "@rollup/rollup-linux-arm64-gnu",
        "@rollup/rollup-linux-arm64-musl",
        "@rollup/rollup-linux-loongarch64-gnu",
        "@rollup/rollup-linux-powerpc64le-gnu",
        "@rollup/rollup-linux-riscv64-gnu",
        "@rollup/rollup-linux-riscv64-musl",
        "@rollup/rollup-linux-s390x-gnu",
        "@rollup/rollup-linux-x64-gnu",
        "@rollup/rollup-linux-x64-musl",
        "@rollup/rollup-win32-arm64-msvc",
        "@rollup/rollup-win32-ia32-msvc",
        "@rollup/rollup-win32-x64-msvc",
        "fsevents"
      ],
      "bin": true
    },
    "sade@1.8.1": {
      "integrity": "sha512-xal3CZX1Xlo/k4ApwCFrHVACi9fBqJ7V+mwhBsuf/1IOKbBy098Fex+Wa/5QMubw09pSZ/u8EY8PWgevJsXp1A==",
      "dependencies": [
        "mri"
      ]
    },
    "set-cookie-parser@2.7.1": {
      "integrity": "sha512-IOc8uWeOZgnb3ptbCURJWNjWUPcO3ZnTTdzsurqERrP6nPyv+paC55vJM0LpOlT2ne+Ix+9+CRG1MNLlyZ4GjQ=="
    },
    "sirv@3.0.1": {
      "integrity": "sha512-FoqMu0NCGBLCcAkS1qA+XJIQTR6/JHfQXl+uGteNCQ76T91DMUjPa9xfmeqMY3z80nLSg9yQmNjK0Px6RWsH/A==",
      "dependencies": [
        "@polka/url",
        "mrmime",
        "totalist"
      ]
    },
    "source-map-js@1.2.1": {
      "integrity": "sha512-UXWMKhLOwVKb728IUtQPXxfYU+usdybtUrK/8uGE8CQMvrhOpwvzDBwj0QhSL7MQc7vIsISBG8VQ8+IDQxpfQA=="
    },
    "svelte-check@4.2.1_svelte@5.33.10__acorn@8.14.1_typescript@5.8.3": {
      "integrity": "sha512-e49SU1RStvQhoipkQ/aonDhHnG3qxHSBtNfBRb9pxVXoa+N7qybAo32KgA9wEb2PCYFNaDg7bZCdhLD1vHpdYA==",
      "dependencies": [
        "@jridgewell/trace-mapping",
        "chokidar",
        "fdir",
        "picocolors",
        "sade",
        "svelte",
        "typescript"
      ],
      "bin": true
    },
    "svelte@5.33.10_acorn@8.14.1": {
      "integrity": "sha512-/yArPQIBoQS2p86LKnvJywOXkVHeEXnFgrDPSxkEfIAEkykopYuy2bF6UUqHG4IbZlJD6OurLxJT8Kn7kTk9WA==",
      "dependencies": [
        "@ampproject/remapping",
        "@jridgewell/sourcemap-codec",
        "@sveltejs/acorn-typescript",
        "@types/estree",
        "acorn",
        "aria-query",
        "axobject-query",
        "clsx",
        "esm-env",
        "esrap",
        "is-reference",
        "locate-character",
        "magic-string",
        "zimmerframe"
      ]
    },
    "tinyglobby@0.2.14_picomatch@4.0.2": {
      "integrity": "sha512-tX5e7OM1HnYr2+a2C/4V0htOcSQcoSTH9KgJnVvNm5zm/cyEWKJ7j7YutsH9CxMdtOkkLFy2AHrMci9IM8IPZQ==",
      "dependencies": [
        "fdir",
        "picomatch"
      ]
    },
    "totalist@3.0.1": {
      "integrity": "sha512-sf4i37nQ2LBx4m3wB74y+ubopq6W/dIzXg0FDGjsYnZHVa1Da8FH853wlL2gtUhg+xJXjfk3kUZS3BRoQeoQBQ=="
    },
    "typescript@5.8.3": {
      "integrity": "sha512-p1diW6TqL9L07nNxvRMM7hMMw4c5XOo/1ibL4aAIGmSAt9slTE1Xgw5KWuof2uTOvCg9BY7ZRi+GaF+7sfgPeQ==",
      "bin": true
    },
    "vite@6.3.5_picomatch@4.0.2": {
      "integrity": "sha512-cZn6NDFE7wdTpINgs++ZJ4N49W2vRp8LCKrn3Ob1kYNtOo21vfDoaV5GzBfLU4MovSAB8uNRm4jgzVQZ+mBzPQ==",
      "dependencies": [
        "esbuild",
        "fdir",
        "picomatch",
        "postcss",
        "rollup",
        "tinyglobby"
      ],
      "optionalDependencies": [
        "fsevents"
      ],
      "bin": true
    },
    "vitefu@1.0.6_vite@6.3.5__picomatch@4.0.2": {
      "integrity": "sha512-+Rex1GlappUyNN6UfwbVZne/9cYC4+R2XDk9xkNXBKMw6HQagdX9PgZ8V2v1WUSK1wfBLp7qbI1+XSNIlB1xmA==",
      "dependencies": [
        "vite"
      ],
      "optionalPeers": [
        "vite"
      ]
    },
    "zimmerframe@1.1.2": {
      "integrity": "sha512-rAbqEGa8ovJy4pyBxZM70hg4pE6gDgaQ0Sl9M3enG3I0d6H4XSAM3GeNGLKnsBpuijUow064sf7ww1nutC5/3w=="
    }
  },
  "workspace": {
    "packageJson": {
      "dependencies": [
        "npm:@sveltejs/adapter-static@^3.0.8",
        "npm:@sveltejs/kit@^2.16.0",
        "npm:@sveltejs/vite-plugin-svelte@5",
        "npm:svelte-check@4",
        "npm:svelte@5",
        "npm:typescript@5",
        "npm:vite@^6.2.6"
      ]
    }
  }
}
